
Microsoft Visual Studio Solution File, Format Version 12.00
# Visual Studio Version 17
VisualStudioVersion = 17.0.31903.59
MinimumVisualStudioVersion = 10.0.40219.1
Project("{2150E333-8FDC-42A3-9474-1A3956D46DE8}") = "src", "src", "{AB8D859B-E265-4712-86F1-5F97A81CCC50}"
EndProject
Project("{FAE04EC0-301F-11D3-BF4B-00C04F79EFBC}") = "SkyV.Launcher", "src\SkyV.Launcher\SkyV.Launcher.csproj", "{5DAF6E37-AC10-416D-BCE9-E608DD59176E}"
EndProject
Project("{FAE04EC0-301F-11D3-BF4B-00C04F79EFBC}") = "SkyV.Installer", "src\SkyV.Installer\SkyV.Installer.csproj", "{807A077B-AFF9-4861-A297-15C24DA6F44B}"
EndProject
Global
	GlobalSection(SolutionConfigurationPlatforms) = preSolution
		Debug|Any CPU = Debug|Any CPU
		Release|Any CPU = Release|Any CPU
	EndGlobalSection
	GlobalSection(SolutionProperties) = preSolution
		HideSolutionNode = FALSE
	EndGlobalSection
	GlobalSection(ProjectConfigurationPlatforms) = postSolution
		{5DAF6E37-AC10-416D-BCE9-E608DD59176E}.Debug|Any CPU.ActiveCfg = Debug|Any CPU
		{5DAF6E37-AC10-416D-BCE9-E608DD59176E}.Debug|Any CPU.Build.0 = Debug|Any CPU
		{5DAF6E37-AC10-416D-BCE9-E608DD59176E}.Release|Any CPU.ActiveCfg = Release|Any CPU
		{5DAF6E37-AC10-416D-BCE9-E608DD59176E}.Release|Any CPU.Build.0 = Release|Any CPU
		{807A077B-AFF9-4861-A297-15C24DA6F44B}.Debug|Any CPU.ActiveCfg = Debug|Any CPU
		{807A077B-AFF9-4861-A297-15C24DA6F44B}.Debug|Any CPU.Build.0 = Debug|Any CPU
		{807A077B-AFF9-4861-A297-15C24DA6F44B}.Release|Any CPU.ActiveCfg = Release|Any CPU
		{807A077B-AFF9-4861-A297-15C24DA6F44B}.Release|Any CPU.Build.0 = Release|Any CPU
	EndGlobalSection
	GlobalSection(NestedProjects) = preSolution
		{5DAF6E37-AC10-416D-BCE9-E608DD59176E} = {AB8D859B-E265-4712-86F1-5F97A81CCC50}
		{807A077B-AFF9-4861-A297-15C24DA6F44B} = {AB8D859B-E265-4712-86F1-5F97A81CCC50}
	EndGlobalSection
EndGlobal
